{
  "version": "5",
  "specifiers": {
    "jsr:@117/mutex@^1.0.8": "1.0.8",
    "jsr:@brad-jones/deno-config@1": "1.0.0",
    "jsr:@brad-jones/jsr-dynamic-imports@~0.1.1": "0.1.1",
    "jsr:@cliffy/command@^1.0.0-rc.8": "1.0.0-rc.8",
    "jsr:@cliffy/flags@1.0.0-rc.8": "1.0.0-rc.8",
    "jsr:@cliffy/internal@1.0.0-rc.8": "1.0.0-rc.8",
    "jsr:@cliffy/table@1.0.0-rc.8": "1.0.0-rc.8",
    "jsr:@cspotcode/outdent@0.8": "0.8.0",
    "jsr:@david/console-static-text@0.3": "0.3.0",
    "jsr:@david/dax@~0.43.2": "0.43.2",
    "jsr:@david/path@0.2": "0.2.0",
    "jsr:@david/which@~0.4.1": "0.4.1",
    "jsr:@deno/loader@0.3": "0.3.8",
    "jsr:@deno/loader@~0.3.8": "0.3.8",
    "jsr:@deno/rolldown-plugin@^0.0.10": "0.0.10",
    "jsr:@dprint/formatter@~0.4.1": "0.4.1",
    "jsr:@hono/hono@*": "4.10.1",
    "jsr:@hono/hono@^4.10.1": "4.10.1",
    "jsr:@hono/hono@^4.9.10": "4.10.1",
    "jsr:@hono/hono@^4.9.12": "4.10.1",
    "jsr:@logtape/file@^1.1.1": "1.1.2",
    "jsr:@logtape/logtape@^1.1.1": "1.1.2",
    "jsr:@logtape/logtape@^1.1.2": "1.1.2",
    "jsr:@logtape/pretty@^1.1.1": "1.1.2",
    "jsr:@mesqueeb/case-anything@^3.1.0": "3.1.0",
    "jsr:@openjs/port-free@1": "1.0.0",
    "jsr:@paolostyle/hono-zod-openapi@^1.0.1": "1.0.1",
    "jsr:@std/assert@^1.0.14": "1.0.15",
    "jsr:@std/assert@^1.0.15": "1.0.15",
    "jsr:@std/async@^1.0.15": "1.0.15",
    "jsr:@std/bytes@^1.0.5": "1.0.6",
    "jsr:@std/bytes@^1.0.6": "1.0.6",
    "jsr:@std/collections@^1.1.3": "1.1.3",
    "jsr:@std/data-structures@^1.0.9": "1.0.9",
    "jsr:@std/encoding@^1.0.10": "1.0.10",
    "jsr:@std/expect@^1.0.17": "1.0.17",
    "jsr:@std/fmt@1": "1.0.8",
    "jsr:@std/fmt@~1.0.2": "1.0.8",
    "jsr:@std/fs@1": "1.0.19",
    "jsr:@std/fs@^1.0.19": "1.0.19",
    "jsr:@std/internal@^1.0.10": "1.0.12",
    "jsr:@std/internal@^1.0.12": "1.0.12",
    "jsr:@std/internal@^1.0.9": "1.0.12",
    "jsr:@std/io@0.225": "0.225.2",
    "jsr:@std/path@1": "1.1.2",
    "jsr:@std/path@^1.1.1": "1.1.2",
    "jsr:@std/path@^1.1.2": "1.1.2",
    "jsr:@std/semver@^1.0.6": "1.0.6",
    "jsr:@std/streams@^1.0.13": "1.0.13",
    "jsr:@std/testing@^1.0.16": "1.0.16",
    "jsr:@std/text@~1.0.7": "1.0.16",
    "jsr:@std/toml@^1.0.11": "1.0.11",
    "jsr:@std/yaml@^1.0.10": "1.0.10",
    "jsr:@zod/zod@4": "4.1.12",
    "jsr:@zod/zod@^4.1.12": "4.1.12",
    "npm:@brad-jones/jsr-dynamic-imports@0.1.1": "0.1.1",
    "npm:@hono/zod-validator@~0.7.3": "0.7.4_hono@4.10.1_zod@4.1.12",
    "npm:@octokit/rest@22": "22.0.0_@octokit+core@7.0.5",
    "npm:@tailwindcss/node@^4.1.15": "4.1.16",
    "npm:@tailwindcss/oxide@^4.1.15": "4.1.15",
    "npm:@types/node@24.0.7": "24.0.7",
    "npm:browserslist@^4.26.3": "4.27.0",
    "npm:hono@^4.8.0": "4.10.1",
    "npm:json-schema-to-typescript@^15.0.4": "15.0.4",
    "npm:ky@*": "1.12.0",
    "npm:ky@^1.11.0": "1.12.0",
    "npm:ky@^1.12.0": "1.12.0",
    "npm:ky@^1.13.0": "1.13.0",
    "npm:lightningcss-wasm@^1.30.2": "1.30.2",
    "npm:rolldown@^1.0.0-beta.44": "1.0.0-beta.44",
    "npm:tailwindcss@^4.1.15": "4.1.16",
    "npm:zod-openapi@^5.4.2": "5.4.3_zod@4.1.12",
    "npm:zod-openapi@^5.4.3": "5.4.3_zod@4.1.12",
    "npm:zod@4": "4.1.12"
  },
  "jsr": {
    "@117/mutex@1.0.8": {
      "integrity": "8f14ef3e124ae427c92f93951fbe36b5cfad3aa74f84d443b2acf3034683255d"
    },
    "@brad-jones/deno-config@1.0.0": {
      "integrity": "f9164661d3c2b2e5e5dcf195b2baff96d2351f41b9c2e0ff243d39193842a69e",
      "dependencies": [
        "jsr:@std/path@^1.1.2",
        "jsr:@zod/zod@^4.1.12"
      ]
    },
    "@brad-jones/jsr-dynamic-imports@0.1.1": {
      "integrity": "c1ab1bfa4a9c7ada43cc9bbd412de2d858fc1ae1a6e313a1a2a9afac1d13f299",
      "dependencies": [
        "npm:@brad-jones/jsr-dynamic-imports@0.1.1"
      ]
    },
    "@cliffy/command@1.0.0-rc.8": {
      "integrity": "758147790797c74a707e5294cc7285df665422a13d2a483437092ffce40b5557",
      "dependencies": [
        "jsr:@cliffy/flags",
        "jsr:@cliffy/internal",
        "jsr:@cliffy/table",
        "jsr:@std/fmt@~1.0.2",
        "jsr:@std/text"
      ]
    },
    "@cliffy/flags@1.0.0-rc.8": {
      "integrity": "0f1043ce6ef037ba1cb5fe6b1bcecb25dc2f29371a1c17f278ab0f45e4b6f46c",
      "dependencies": [
        "jsr:@std/text"
      ]
    },
    "@cliffy/internal@1.0.0-rc.8": {
      "integrity": "34cdf2fad9b084b5aed493b138d573f52d4e988767215f7460daf0b918ff43d8"
    },
    "@cliffy/table@1.0.0-rc.8": {
      "integrity": "8bbcdc2ba5e0061b4b13810a24e6f5c6ab19c09f0cce9eb691ccd76c7c6c9db5",
      "dependencies": [
        "jsr:@std/fmt@~1.0.2"
      ]
    },
    "@cspotcode/outdent@0.8.0": {
      "integrity": "bbb3dea1443b4191a091644dfeaf3f182cca83e9003d211c50786c21792695f6"
    },
    "@david/console-static-text@0.3.0": {
      "integrity": "2dfb46ecee525755f7989f94ece30bba85bd8ffe3e8666abc1bf926e1ee0698d"
    },
    "@david/dax@0.43.2": {
      "integrity": "8c7df175465d994c0e3568e3eb91102768c2f1c86d2a513d7fc4cab13f9cb328",
      "dependencies": [
        "jsr:@david/console-static-text",
        "jsr:@david/path",
        "jsr:@david/which",
        "jsr:@std/fmt@1",
        "jsr:@std/fs@1",
        "jsr:@std/io",
        "jsr:@std/path@1"
      ]
    },
    "@david/path@0.2.0": {
      "integrity": "f2d7aa7f02ce5a55e27c09f9f1381794acb09d328f8d3c8a2e3ab3ffc294dccd",
      "dependencies": [
        "jsr:@std/fs@1",
        "jsr:@std/path@1"
      ]
    },
    "@david/which@0.4.1": {
      "integrity": "896a682b111f92ab866cc70c5b4afab2f5899d2f9bde31ed00203b9c250f225e"
    },
    "@deno/loader@0.3.7": {
      "integrity": "d93aad9ba95df02eafa949e550d85a0b360754321a7f79f3796911481aa6e202"
    },
    "@deno/loader@0.3.8": {
      "integrity": "4a8611c3f6ee32e2e969ec1deb18aa0576d4b7c16b65b50d97a64f03e592fb0a"
    },
    "@deno/rolldown-plugin@0.0.10": {
      "integrity": "b19d30a916b56863a638735046d540a6f0037dc1e50d3e2597b7bca0fea4b6b3",
      "dependencies": [
        "jsr:@deno/loader@0.3",
        "jsr:@std/path@^1.1.1"
      ]
    },
    "@dprint/formatter@0.4.1": {
      "integrity": "96449ab83aa9f72df98caa5030d3f4a921c5c29d9b0e0d0da83d79e2024a9637"
    },
    "@hono/hono@4.10.1": {
      "integrity": "cea3f17677afcd84a654cd1633c136e6bb2220bfa512fdac56614bb97c39fdbf"
    },
    "@logtape/file@1.1.2": {
      "integrity": "27b4fdb442676ce5254533855622efb1daaad5dfb4859aaa24eb84f5eb196364",
      "dependencies": [
        "jsr:@logtape/logtape@^1.1.2"
      ]
    },
    "@logtape/logtape@1.1.2": {
      "integrity": "df86a456db8f8a67bea00ce0f8acfc717caf9c3c1ee0c12939d6877796fdd1e6"
    },
    "@logtape/pretty@1.1.2": {
      "integrity": "a4371de016942b11542e79b6111c7a7ced52c3ed253a8271a4ea33ec56fe2820",
      "dependencies": [
        "jsr:@logtape/logtape@^1.1.2",
        "npm:@types/node"
      ]
    },
    "@mesqueeb/case-anything@3.1.0": {
      "integrity": "0e463b752f95dbdfa42c97b0e60911170fd8206508522fffc23a9e83d63bb4c2"
    },
    "@openjs/port-free@1.0.0": {
      "integrity": "0b70adc419a37d6c15d049a369cbc2020795bf50118409dde077efcae9e8e2e4"
    },
    "@paolostyle/hono-zod-openapi@1.0.1": {
      "integrity": "685eaa0da4bf8efe5a3af1d979a77f409e5a8bc6a84706a654c728c2514bc3ef",
      "dependencies": [
        "npm:@hono/zod-validator",
        "npm:hono",
        "npm:zod",
        "npm:zod-openapi@^5.4.2"
      ]
    },
    "@std/assert@1.0.15": {
      "integrity": "d64018e951dbdfab9777335ecdb000c0b4e3df036984083be219ce5941e4703b",
      "dependencies": [
        "jsr:@std/internal@^1.0.12"
      ]
    },
    "@std/async@1.0.15": {
      "integrity": "55d1d9d04f99403fe5730ab16bdcc3c47f658a6bf054cafb38a50f046238116e"
    },
    "@std/bytes@1.0.6": {
      "integrity": "f6ac6adbd8ccd99314045f5703e23af0a68d7f7e58364b47d2c7f408aeb5820a"
    },
    "@std/collections@1.1.3": {
      "integrity": "bf8b0818886df6a32b64c7d3b037a425111f28278d69fd0995aeb62777c986b0"
    },
    "@std/data-structures@1.0.9": {
      "integrity": "033d6e17e64bf1f84a614e647c1b015fa2576ae3312305821e1a4cb20674bb4d"
    },
    "@std/encoding@1.0.10": {
      "integrity": "8783c6384a2d13abd5e9e87a7ae0520a30e9f56aeeaa3bdf910a3eaaf5c811a1"
    },
    "@std/expect@1.0.17": {
      "integrity": "316b47dd65c33e3151344eb3267bf42efba17d1415425f07ed96185d67fc04d9",
      "dependencies": [
        "jsr:@std/assert@^1.0.14",
        "jsr:@std/internal@^1.0.10"
      ]
    },
    "@std/fmt@1.0.8": {
      "integrity": "71e1fc498787e4434d213647a6e43e794af4fd393ef8f52062246e06f7e372b7"
    },
    "@std/fs@1.0.19": {
      "integrity": "051968c2b1eae4d2ea9f79a08a3845740ef6af10356aff43d3e2ef11ed09fb06",
      "dependencies": [
        "jsr:@std/internal@^1.0.9",
        "jsr:@std/path@^1.1.1"
      ]
    },
    "@std/internal@1.0.12": {
      "integrity": "972a634fd5bc34b242024402972cd5143eac68d8dffaca5eaa4dba30ce17b027"
    },
    "@std/io@0.225.2": {
      "integrity": "3c740cd4ee4c082e6cfc86458f47e2ab7cb353dc6234d5e9b1f91a2de5f4d6c7",
      "dependencies": [
        "jsr:@std/bytes@^1.0.5"
      ]
    },
    "@std/path@1.1.2": {
      "integrity": "c0b13b97dfe06546d5e16bf3966b1cadf92e1cc83e56ba5476ad8b498d9e3038",
      "dependencies": [
        "jsr:@std/internal@^1.0.10"
      ]
    },
    "@std/semver@1.0.6": {
      "integrity": "b7c98ae2843547cf3f7ac37f3995889e6e4cee0a97b57b57f17f62722843303c"
    },
    "@std/streams@1.0.13": {
      "integrity": "772d208cd0d3e5dac7c1d9e6cdb25842846d136eea4a41a62e44ed4ab0c8dd9e",
      "dependencies": [
        "jsr:@std/bytes@^1.0.6"
      ]
    },
    "@std/testing@1.0.16": {
      "integrity": "a917ffdeb5924c9be436dc78bc32e511760e14d3a96e49c607fc5ecca86d0092",
      "dependencies": [
        "jsr:@std/assert@^1.0.15",
        "jsr:@std/async",
        "jsr:@std/data-structures",
        "jsr:@std/fs@^1.0.19",
        "jsr:@std/internal@^1.0.12",
        "jsr:@std/path@^1.1.2"
      ]
    },
    "@std/text@1.0.16": {
      "integrity": "ddb9853b75119a2473857d691cf1ec02ad90793a2e8b4a4ac49d7354281a0cf8"
    },
    "@std/toml@1.0.11": {
      "integrity": "e084988b872ca4bad6aedfb7350f6eeed0e8ba88e9ee5e1590621c5b5bb8f715",
      "dependencies": [
        "jsr:@std/collections"
      ]
    },
    "@std/yaml@1.0.10": {
      "integrity": "245706ea3511cc50c8c6d00339c23ea2ffa27bd2c7ea5445338f8feff31fa58e"
    },
    "@zod/zod@4.1.12": {
      "integrity": "5876ed4c6d44673faf5120f0a461a2ada2eb6c735329d3ebaf5ba1fc08387695"
    }
  },
  "npm": {
    "@apidevtools/json-schema-ref-parser@11.9.3": {
      "integrity": "sha512-60vepv88RwcJtSHrD6MjIL6Ta3SOYbgfnkHb+ppAVK+o9mXprRtulx7VlRl3lN3bbvysAfCS7WMVfhUYemB0IQ==",
      "dependencies": [
        "@jsdevtools/ono",
        "@types/json-schema",
        "js-yaml"
      ]
    },
    "@brad-jones/jsr-dynamic-imports@0.1.1": {
      "integrity": "sha512-uF/L4kQMmfzy5UpuyuhITdyyejGUJN9ILOOUDHHyunvldfXmW4kpVfsaKth1NNOqD8Zjs+NtrCslETEG9K1CDw=="
    },
    "@emnapi/core@1.6.0": {
      "integrity": "sha512-zq/ay+9fNIJJtJiZxdTnXS20PllcYMX3OE23ESc4HK/bdYu3cOWYVhsOhVnXALfU/uqJIxn5NBPd9z4v+SfoSg==",
      "dependencies": [
        "@emnapi/wasi-threads",
        "tslib"
      ]
    },
    "@emnapi/runtime@1.6.0": {
      "integrity": "sha512-obtUmAHTMjll499P+D9A3axeJFlhdjOWdKUNs/U6QIGT7V5RjcUW1xToAzjvmgTSQhDbYn/NwfTRoJcQ2rNBxA==",
      "dependencies": [
        "tslib"
      ]
    },
    "@emnapi/wasi-threads@1.1.0": {
      "integrity": "sha512-WI0DdZ8xFSbgMjR1sFsKABJ/C5OnRrjT06JXbZKexJGrDuPTzZdDYfFlsgcCXCyf+suG5QU2e/y1Wo2V/OapLQ==",
      "dependencies": [
        "tslib"
      ]
    },
    "@hono/zod-validator@0.7.4_hono@4.10.1_zod@4.1.12": {
      "integrity": "sha512-biKGn3BRJVaftZlIPMyK+HCe/UHAjJ6sH0UyXe3+v0OcgVr9xfImDROTJFLtn9e3XEEAHGZIM9U6evu85abm8Q==",
      "dependencies": [
        "hono",
        "zod"
      ]
    },
    "@jridgewell/gen-mapping@0.3.13": {
      "integrity": "sha512-2kkt/7niJ6MgEPxF0bYdQ6etZaA+fQvDcLKckhy1yIQOzaoKjBBjSj63/aLVjYE3qhRt5dvM+uUyfCg6UKCBbA==",
      "dependencies": [
        "@jridgewell/sourcemap-codec",
        "@jridgewell/trace-mapping"
      ]
    },
    "@jridgewell/remapping@2.3.5": {
      "integrity": "sha512-LI9u/+laYG4Ds1TDKSJW2YPrIlcVYOwi2fUC6xB43lueCjgxV4lffOCZCtYFiH6TNOX+tQKXx97T4IKHbhyHEQ==",
      "dependencies": [
        "@jridgewell/gen-mapping",
        "@jridgewell/trace-mapping"
      ]
    },
    "@jridgewell/resolve-uri@3.1.2": {
      "integrity": "sha512-bRISgCIjP20/tbWSPWMEi54QVPRZExkuD9lJL+UIxUKtwVJA8wW1Trb1jMs1RFXo1CBTNZ/5hpC9QvmKWdopKw=="
    },
    "@jridgewell/sourcemap-codec@1.5.5": {
      "integrity": "sha512-cYQ9310grqxueWbl+WuIUIaiUaDcj7WOq5fVhEljNVgRfOUhY9fy2zTvfoqWsnebh8Sl70VScFbICvJnLKB0Og=="
    },
    "@jridgewell/trace-mapping@0.3.31": {
      "integrity": "sha512-zzNR+SdQSDJzc8joaeP8QQoCQr8NuYx2dIIytl1QeBEZHJ9uW6hebsrYgbz8hJwUQao3TWCMtmfV8Nu1twOLAw==",
      "dependencies": [
        "@jridgewell/resolve-uri",
        "@jridgewell/sourcemap-codec"
      ]
    },
    "@jsdevtools/ono@7.1.3": {
      "integrity": "sha512-4JQNk+3mVzK3xh2rqd6RB4J46qUR19azEHBneZyTZM+c456qOrbbM/5xcR8huNCCcbVt7+UmizG6GuUvPvKUYg=="
    },
    "@napi-rs/wasm-runtime@1.0.7": {
      "integrity": "sha512-SeDnOO0Tk7Okiq6DbXmmBODgOAb9dp9gjlphokTUxmt8U3liIP1ZsozBahH69j/RJv+Rfs6IwUKHTgQYJ/HBAw==",
      "dependencies": [
        "@emnapi/core",
        "@emnapi/runtime",
        "@tybys/wasm-util"
      ]
    },
    "@octokit/auth-token@6.0.0": {
      "integrity": "sha512-P4YJBPdPSpWTQ1NU4XYdvHvXJJDxM6YwpS0FZHRgP7YFkdVxsWcpWGy/NVqlAA7PcPCnMacXlRm1y2PFZRWL/w=="
    },
    "@octokit/core@7.0.5": {
      "integrity": "sha512-t54CUOsFMappY1Jbzb7fetWeO0n6K0k/4+/ZpkS+3Joz8I4VcvY9OiEBFRYISqaI2fq5sCiPtAjRDOzVYG8m+Q==",
      "dependencies": [
        "@octokit/auth-token",
        "@octokit/graphql",
        "@octokit/request",
        "@octokit/request-error",
        "@octokit/types",
        "before-after-hook",
        "universal-user-agent"
      ]
    },
    "@octokit/endpoint@11.0.1": {
      "integrity": "sha512-7P1dRAZxuWAOPI7kXfio88trNi/MegQ0IJD3vfgC3b+LZo1Qe6gRJc2v0mz2USWWJOKrB2h5spXCzGbw+fAdqA==",
      "dependencies": [
        "@octokit/types",
        "universal-user-agent"
      ]
    },
    "@octokit/graphql@9.0.2": {
      "integrity": "sha512-iz6KzZ7u95Fzy9Nt2L8cG88lGRMr/qy1Q36ih/XVzMIlPDMYwaNLE/ENhqmIzgPrlNWiYJkwmveEetvxAgFBJw==",
      "dependencies": [
        "@octokit/request",
        "@octokit/types",
        "universal-user-agent"
      ]
    },
    "@octokit/openapi-types@26.0.0": {
      "integrity": "sha512-7AtcfKtpo77j7Ts73b4OWhOZHTKo/gGY8bB3bNBQz4H+GRSWqx2yvj8TXRsbdTE0eRmYmXOEY66jM7mJ7LzfsA=="
    },
    "@octokit/plugin-paginate-rest@13.2.1_@octokit+core@7.0.5": {
      "integrity": "sha512-Tj4PkZyIL6eBMYcG/76QGsedF0+dWVeLhYprTmuFVVxzDW7PQh23tM0TP0z+1MvSkxB29YFZwnUX+cXfTiSdyw==",
      "dependencies": [
        "@octokit/core",
        "@octokit/types"
      ]
    },
    "@octokit/plugin-request-log@6.0.0_@octokit+core@7.0.5": {
      "integrity": "sha512-UkOzeEN3W91/eBq9sPZNQ7sUBvYCqYbrrD8gTbBuGtHEuycE4/awMXcYvx6sVYo7LypPhmQwwpUe4Yyu4QZN5Q==",
      "dependencies": [
        "@octokit/core"
      ]
    },
    "@octokit/plugin-rest-endpoint-methods@16.1.1_@octokit+core@7.0.5": {
      "integrity": "sha512-VztDkhM0ketQYSh5Im3IcKWFZl7VIrrsCaHbDINkdYeiiAsJzjhS2xRFCSJgfN6VOcsoW4laMtsmf3HcNqIimg==",
      "dependencies": [
        "@octokit/core",
        "@octokit/types"
      ]
    },
    "@octokit/request-error@7.0.1": {
      "integrity": "sha512-CZpFwV4+1uBrxu7Cw8E5NCXDWFNf18MSY23TdxCBgjw1tXXHvTrZVsXlW8hgFTOLw8RQR1BBrMvYRtuyaijHMA==",
      "dependencies": [
        "@octokit/types"
      ]
    },
    "@octokit/request@10.0.5": {
      "integrity": "sha512-TXnouHIYLtgDhKo+N6mXATnDBkV05VwbR0TtMWpgTHIoQdRQfCSzmy/LGqR1AbRMbijq/EckC/E3/ZNcU92NaQ==",
      "dependencies": [
        "@octokit/endpoint",
        "@octokit/request-error",
        "@octokit/types",
        "fast-content-type-parse",
        "universal-user-agent"
      ]
    },
    "@octokit/rest@22.0.0_@octokit+core@7.0.5": {
      "integrity": "sha512-z6tmTu9BTnw51jYGulxrlernpsQYXpui1RK21vmXn8yF5bp6iX16yfTtJYGK5Mh1qDkvDOmp2n8sRMcQmR8jiA==",
      "dependencies": [
        "@octokit/core",
        "@octokit/plugin-paginate-rest",
        "@octokit/plugin-request-log",
        "@octokit/plugin-rest-endpoint-methods"
      ]
    },
    "@octokit/types@15.0.1": {
      "integrity": "sha512-sdiirM93IYJ9ODDCBgmRPIboLbSkpLa5i+WLuXH8b8Atg+YMLAyLvDDhNWLV4OYd08tlvYfVm/dw88cqHWtw1Q==",
      "dependencies": [
        "@octokit/openapi-types"
      ]
    },
    "@oxc-project/types@0.95.0": {
      "integrity": "sha512-vACy7vhpMPhjEJhULNxrdR0D943TkA/MigMpJCHmBHvMXxRStRi/dPtTlfQ3uDwWSzRpT8z+7ImjZVf8JWBocQ=="
    },
    "@rolldown/binding-android-arm64@1.0.0-beta.44": {
      "integrity": "sha512-g9ejDOehJFhxC1DIXQuZQ9bKv4lRDioOTL42cJjFjqKPl1L7DVb9QQQE1FxokGEIMr6FezLipxwnzOXWe7DNPg==",
      "os": ["android"],
      "cpu": ["arm64"]
    },
    "@rolldown/binding-darwin-arm64@1.0.0-beta.44": {
      "integrity": "sha512-PxAW1PXLPmCzfhfKIS53kwpjLGTUdIfX4Ht+l9mj05C3lYCGaGowcNsYi2rdxWH24vSTmeK+ajDNRmmmrK0M7g==",
      "os": ["darwin"],
      "cpu": ["arm64"]
    },
    "@rolldown/binding-darwin-x64@1.0.0-beta.44": {
      "integrity": "sha512-/CtQqs1oO9uSb5Ju60rZvsdjE7Pzn8EK2ISAdl2jedjMzeD/4neNyCbwyJOAPzU+GIQTZVyrFZJX+t7HXR1R/g==",
      "os": ["darwin"],
      "cpu": ["x64"]
    },
    "@rolldown/binding-freebsd-x64@1.0.0-beta.44": {
      "integrity": "sha512-V5Q5W9c4+2GJ4QabmjmVV6alY97zhC/MZBaLkDtHwGy3qwzbM4DYgXUbun/0a8AH5hGhuU27tUIlYz6ZBlvgOA==",
      "os": ["freebsd"],
      "cpu": ["x64"]
    },
    "@rolldown/binding-linux-arm-gnueabihf@1.0.0-beta.44": {
      "integrity": "sha512-X6adjkHeFqKsTU0FXdNN9HY4LDozPqIfHcnXovE5RkYLWIjMWuc489mIZ6iyhrMbCqMUla9IOsh5dvXSGT9o9A==",
      "os": ["linux"],
      "cpu": ["arm"]
    },
    "@rolldown/binding-linux-arm64-gnu@1.0.0-beta.44": {
      "integrity": "sha512-kRRKGZI4DXWa6ANFr3dLA85aSVkwPdgXaRjfanwY84tfc3LncDiIjyWCb042e3ckPzYhHSZ3LmisO+cdOIYL6Q==",
      "os": ["linux"],
      "cpu": ["arm64"]
    },
    "@rolldown/binding-linux-arm64-musl@1.0.0-beta.44": {
      "integrity": "sha512-hMtiN9xX1NhxXBa2U3Up4XkVcsVp2h73yYtMDY59z9CDLEZLrik9RVLhBL5QtoX4zZKJ8HZKJtWuGYvtmkCbIQ==",
      "os": ["linux"],
      "cpu": ["arm64"]
    },
    "@rolldown/binding-linux-x64-gnu@1.0.0-beta.44": {
      "integrity": "sha512-rd1LzbpXQuR8MTG43JB9VyXDjG7ogSJbIkBpZEHJ8oMKzL6j47kQT5BpIXrg3b5UVygW9QCI2fpFdMocT5Kudg==",
      "os": ["linux"],
      "cpu": ["x64"]
    },
    "@rolldown/binding-linux-x64-musl@1.0.0-beta.44": {
      "integrity": "sha512-qI2IiPqmPRW25exXkuQr3TlweCDc05YvvbSDRPCuPsWkwb70dTiSoXn8iFxT4PWqTi71wWHg1Wyta9PlVhX5VA==",
      "os": ["linux"],
      "cpu": ["x64"]
    },
    "@rolldown/binding-openharmony-arm64@1.0.0-beta.44": {
      "integrity": "sha512-+vHvEc1pL5iJRFlldLC8mjm6P4Qciyfh2bh5ZI6yxDQKbYhCHRKNURaKz1mFcwxhVL5YMYsLyaqM3qizVif9MQ==",
      "os": ["openharmony"],
      "cpu": ["arm64"]
    },
    "@rolldown/binding-wasm32-wasi@1.0.0-beta.44": {
      "integrity": "sha512-XSgLxRrtFj6RpTeMYmmQDAwHjKseYGKUn5LPiIdW4Cq+f5SBSStL2ToBDxkbdxKPEbCZptnLPQ/nfKcAxrC8Xg==",
      "dependencies": [
        "@napi-rs/wasm-runtime"
      ],
      "cpu": ["wasm32"]
    },
    "@rolldown/binding-win32-arm64-msvc@1.0.0-beta.44": {
      "integrity": "sha512-cF1LJdDIX02cJrFrX3wwQ6IzFM7I74BYeKFkzdcIA4QZ0+2WA7/NsKIgjvrunupepWb1Y6PFWdRlHSaz5AW1Wg==",
      "os": ["win32"],
      "cpu": ["arm64"]
    },
    "@rolldown/binding-win32-ia32-msvc@1.0.0-beta.44": {
      "integrity": "sha512-5uaJonDafhHiMn+iEh7qUp3QQ4Gihv3lEOxKfN8Vwadpy0e+5o28DWI42DpJ9YBYMrVy4JOWJ/3etB/sptpUwA==",
      "os": ["win32"],
      "cpu": ["ia32"]
    },
    "@rolldown/binding-win32-x64-msvc@1.0.0-beta.44": {
      "integrity": "sha512-vsqhWAFJkkmgfBN/lkLCWTXF1PuPhMjfnAyru48KvF7mVh2+K7WkKYHezF3Fjz4X/mPScOcIv+g6cf6wnI6eWg==",
      "os": ["win32"],
      "cpu": ["x64"]
    },
    "@rolldown/pluginutils@1.0.0-beta.44": {
      "integrity": "sha512-g6eW7Zwnr2c5RADIoqziHoVs6b3W5QTQ4+qbpfjbkMJ9x+8Og211VW/oot2dj9dVwaK/UyC6Yo+02gV+wWQVNg=="
    },
    "@tailwindcss/node@4.1.16": {
      "integrity": "sha512-BX5iaSsloNuvKNHRN3k2RcCuTEgASTo77mofW0vmeHkfrDWaoFAFvNHpEgtu0eqyypcyiBkDWzSMxJhp3AUVcw==",
      "dependencies": [
        "@jridgewell/remapping",
        "enhanced-resolve",
        "jiti",
        "lightningcss",
        "magic-string",
        "source-map-js",
        "tailwindcss"
      ]
    },
    "@tailwindcss/oxide-android-arm64@4.1.15": {
      "integrity": "sha512-TkUkUgAw8At4cBjCeVCRMc/guVLKOU1D+sBPrHt5uVcGhlbVKxrCaCW9OKUIBv1oWkjh4GbunD/u/Mf0ql6kEA==",
      "os": ["android"],
      "cpu": ["arm64"]
    },
    "@tailwindcss/oxide-darwin-arm64@4.1.15": {
      "integrity": "sha512-xt5XEJpn2piMSfvd1UFN6jrWXyaKCwikP4Pidcf+yfHTSzSpYhG3dcMktjNkQO3JiLCp+0bG0HoWGvz97K162w==",
      "os": ["darwin"],
      "cpu": ["arm64"]
    },
    "@tailwindcss/oxide-darwin-x64@4.1.15": {
      "integrity": "sha512-TnWaxP6Bx2CojZEXAV2M01Yl13nYPpp0EtGpUrY+LMciKfIXiLL2r/SiSRpagE5Fp2gX+rflp/Os1VJDAyqymg==",
      "os": ["darwin"],
      "cpu": ["x64"]
    },
    "@tailwindcss/oxide-freebsd-x64@4.1.15": {
      "integrity": "sha512-quISQDWqiB6Cqhjc3iWptXVZHNVENsWoI77L1qgGEHNIdLDLFnw3/AfY7DidAiiCIkGX/MjIdB3bbBZR/G2aJg==",
      "os": ["freebsd"],
      "cpu": ["x64"]
    },
    "@tailwindcss/oxide-linux-arm-gnueabihf@4.1.15": {
      "integrity": "sha512-ObG76+vPlab65xzVUQbExmDU9FIeYLQ5k2LrQdR2Ud6hboR+ZobXpDoKEYXf/uOezOfIYmy2Ta3w0ejkTg9yxg==",
      "os": ["linux"],
      "cpu": ["arm"]
    },
    "@tailwindcss/oxide-linux-arm64-gnu@4.1.15": {
      "integrity": "sha512-4WbBacRmk43pkb8/xts3wnOZMDKsPFyEH/oisCm2q3aLZND25ufvJKcDUpAu0cS+CBOL05dYa8D4U5OWECuH/Q==",
      "os": ["linux"],
      "cpu": ["arm64"]
    },
    "@tailwindcss/oxide-linux-arm64-musl@4.1.15": {
      "integrity": "sha512-AbvmEiteEj1nf42nE8skdHv73NoR+EwXVSgPY6l39X12Ex8pzOwwfi3Kc8GAmjsnsaDEbk+aj9NyL3UeyHcTLg==",
      "os": ["linux"],
      "cpu": ["arm64"]
    },
    "@tailwindcss/oxide-linux-x64-gnu@4.1.15": {
      "integrity": "sha512-+rzMVlvVgrXtFiS+ES78yWgKqpThgV19ISKD58Ck+YO5pO5KjyxLt7AWKsWMbY0R9yBDC82w6QVGz837AKQcHg==",
      "os": ["linux"],
      "cpu": ["x64"]
    },
    "@tailwindcss/oxide-linux-x64-musl@4.1.15": {
      "integrity": "sha512-fPdEy7a8eQN9qOIK3Em9D3TO1z41JScJn8yxl/76mp4sAXFDfV4YXxsiptJcOwy6bGR+70ZSwFIZhTXzQeqwQg==",
      "os": ["linux"],
      "cpu": ["x64"]
    },
    "@tailwindcss/oxide-wasm32-wasi@4.1.15": {
      "integrity": "sha512-sJ4yd6iXXdlgIMfIBXuVGp/NvmviEoMVWMOAGxtxhzLPp9LOj5k0pMEMZdjeMCl4C6Up+RM8T3Zgk+BMQ0bGcQ==",
      "cpu": ["wasm32"]
    },
    "@tailwindcss/oxide-win32-arm64-msvc@4.1.15": {
      "integrity": "sha512-sJGE5faXnNQ1iXeqmRin7Ds/ru2fgCiaQZQQz3ZGIDtvbkeV85rAZ0QJFMDg0FrqsffZG96H1U9AQlNBRLsHVg==",
      "os": ["win32"],
      "cpu": ["arm64"]
    },
    "@tailwindcss/oxide-win32-x64-msvc@4.1.15": {
      "integrity": "sha512-NLeHE7jUV6HcFKS504bpOohyi01zPXi2PXmjFfkzTph8xRxDdxkRsXm/xDO5uV5K3brrE1cCwbUYmFUSHR3u1w==",
      "os": ["win32"],
      "cpu": ["x64"]
    },
    "@tailwindcss/oxide@4.1.15": {
      "integrity": "sha512-krhX+UOOgnsUuks2SR7hFafXmLQrKxB4YyRTERuCE59JlYL+FawgaAlSkOYmDRJdf1Q+IFNDMl9iRnBW7QBDfQ==",
      "optionalDependencies": [
        "@tailwindcss/oxide-android-arm64",
        "@tailwindcss/oxide-darwin-arm64",
        "@tailwindcss/oxide-darwin-x64",
        "@tailwindcss/oxide-freebsd-x64",
        "@tailwindcss/oxide-linux-arm-gnueabihf",
        "@tailwindcss/oxide-linux-arm64-gnu",
        "@tailwindcss/oxide-linux-arm64-musl",
        "@tailwindcss/oxide-linux-x64-gnu",
        "@tailwindcss/oxide-linux-x64-musl",
        "@tailwindcss/oxide-wasm32-wasi",
        "@tailwindcss/oxide-win32-arm64-msvc",
        "@tailwindcss/oxide-win32-x64-msvc"
      ]
    },
    "@tybys/wasm-util@0.10.1": {
      "integrity": "sha512-9tTaPJLSiejZKx+Bmog4uSubteqTvFrVrURwkmHixBo0G4seD0zUxp98E1DzUBJxLQ3NPwXrGKDiVjwx/DpPsg==",
      "dependencies": [
        "tslib"
      ]
    },
    "@types/json-schema@7.0.15": {
      "integrity": "sha512-5+fP8P8MFNC+AyZCDxrB2pkZFPGzqQWUzpSeuuVLvm8VMcorNYavBqoFcxK8bQz4Qsbn4oUEEem4wDLfcysGHA=="
    },
    "@types/lodash@4.17.20": {
      "integrity": "sha512-H3MHACvFUEiujabxhaI/ImO6gUrd8oOurg7LQtS7mbwIXA/cUqWrvBsaeJ23aZEPk1TAYkurjfMbSELfoCXlGA=="
    },
    "@types/node@24.0.7": {
      "integrity": "sha512-YIEUUr4yf8q8oQoXPpSlnvKNVKDQlPMWrmOcgzoduo7kvA2UF0/BwJ/eMKFTiTtkNL17I0M6Xe2tvwFU7be6iw==",
      "dependencies": [
        "undici-types"
      ]
    },
    "argparse@2.0.1": {
      "integrity": "sha512-8+9WqebbFzpX9OR+Wa6O29asIogeRMzcGtAINdpMHHyAg10f05aSFVBbcEqGf/PXw1EjAZ+q2/bEBg3DvurK3Q=="
    },
    "baseline-browser-mapping@2.8.20": {
      "integrity": "sha512-JMWsdF+O8Orq3EMukbUN1QfbLK9mX2CkUmQBcW2T0s8OmdAUL5LLM/6wFwSrqXzlXB13yhyK9gTKS1rIizOduQ==",
      "bin": true
    },
    "before-after-hook@4.0.0": {
      "integrity": "sha512-q6tR3RPqIB1pMiTRMFcZwuG5T8vwp+vUvEG0vuI6B+Rikh5BfPp2fQ82c925FOs+b0lcFQ8CFrL+KbilfZFhOQ=="
    },
    "browserslist@4.27.0": {
      "integrity": "sha512-AXVQwdhot1eqLihwasPElhX2tAZiBjWdJ9i/Zcj2S6QYIjkx62OKSfnobkriB81C3l4w0rVy3Nt4jaTBltYEpw==",
      "dependencies": [
        "baseline-browser-mapping",
        "caniuse-lite",
        "electron-to-chromium",
        "node-releases",
        "update-browserslist-db"
      ],
      "bin": true
    },
    "caniuse-lite@1.0.30001751": {
      "integrity": "sha512-A0QJhug0Ly64Ii3eIqHu5X51ebln3k4yTUkY1j8drqpWHVreg/VLijN48cZ1bYPiqOQuqpkIKnzr/Ul8V+p6Cw=="
    },
    "detect-libc@2.1.2": {
      "integrity": "sha512-Btj2BOOO83o3WyH59e8MgXsxEQVcarkUOpEYrubB0urwnN10yQ364rsiByU11nZlqWYZm05i/of7io4mzihBtQ=="
    },
    "electron-to-chromium@1.5.240": {
      "integrity": "sha512-OBwbZjWgrCOH+g6uJsA2/7Twpas2OlepS9uvByJjR2datRDuKGYeD+nP8lBBks2qnB7bGJNHDUx7c/YLaT3QMQ=="
    },
    "enhanced-resolve@5.18.3": {
      "integrity": "sha512-d4lC8xfavMeBjzGr2vECC3fsGXziXZQyJxD868h2M/mBI3PwAuODxAkLkq5HYuvrPYcUtiLzsTo8U3PgX3Ocww==",
      "dependencies": [
        "graceful-fs",
        "tapable"
      ]
    },
    "escalade@3.2.0": {
      "integrity": "sha512-WUj2qlxaQtO4g6Pq5c29GTcWGDyd8itL8zTlipgECz3JesAiiOKotd8JU6otB3PACgG6xkJUyVhboMS+bje/jA=="
    },
    "fast-content-type-parse@3.0.0": {
      "integrity": "sha512-ZvLdcY8P+N8mGQJahJV5G4U88CSvT1rP8ApL6uETe88MBXrBHAkZlSEySdUlyztF7ccb+Znos3TFqaepHxdhBg=="
    },
    "fdir@6.5.0_picomatch@4.0.3": {
      "integrity": "sha512-tIbYtZbucOs0BRGqPJkshJUYdL+SDH7dVM8gjy+ERp3WAUjLEFJE+02kanyHtwjWOnwrKYBiwAmM0p4kLJAnXg==",
      "dependencies": [
        "picomatch"
      ],
      "optionalPeers": [
        "picomatch"
      ]
    },
    "graceful-fs@4.2.11": {
      "integrity": "sha512-RbJ5/jmFcNNCcDV5o9eTnBLJ/HszWV0P73bc+Ff4nS/rJj+YaS6IGyiOL0VoBYX+l1Wrl3k63h/KrH+nhJ0XvQ=="
    },
    "hono@4.10.1": {
      "integrity": "sha512-rpGNOfacO4WEPClfkEt1yfl8cbu10uB1lNpiI33AKoiAHwOS8lV748JiLx4b5ozO/u4qLjIvfpFsPXdY5Qjkmg=="
    },
    "is-extglob@2.1.1": {
      "integrity": "sha512-SbKbANkN603Vi4jEZv49LeVJMn4yGwsbzZworEoyEiutsN3nJYdbO36zfhGJ6QEDpOZIFkDtnq5JRxmvl3jsoQ=="
    },
    "is-glob@4.0.3": {
      "integrity": "sha512-xelSayHH36ZgE7ZWhli7pW34hNbNl8Ojv5KVmkJD4hBdD3th8Tfk9vYasLM+mXWOZhFkgZfxhLSnrwRr4elSSg==",
      "dependencies": [
        "is-extglob"
      ]
    },
    "jiti@2.6.1": {
      "integrity": "sha512-ekilCSN1jwRvIbgeg/57YFh8qQDNbwDb9xT/qu2DAHbFFZUicIl4ygVaAvzveMhMVr3LnpSKTNnwt8PoOfmKhQ==",
      "bin": true
    },
    "js-yaml@4.1.0": {
      "integrity": "sha512-wpxZs9NoxZaJESJGIZTyDEaYpl0FKSA+FB9aJiyemKhMwkxQg63h4T1KJgUGHpTqPDNRcmmYLugrRjJlBtWvRA==",
      "dependencies": [
        "argparse"
      ],
      "bin": true
    },
    "json-schema-to-typescript@15.0.4": {
      "integrity": "sha512-Su9oK8DR4xCmDsLlyvadkXzX6+GGXJpbhwoLtOGArAG61dvbW4YQmSEno2y66ahpIdmLMg6YUf/QHLgiwvkrHQ==",
      "dependencies": [
        "@apidevtools/json-schema-ref-parser",
        "@types/json-schema",
        "@types/lodash",
        "is-glob",
        "js-yaml",
        "lodash",
        "minimist",
        "prettier",
        "tinyglobby"
      ],
      "bin": true
    },
    "ky@1.12.0": {
      "integrity": "sha512-YRLmSUHCwOJRBMArtqMRLOmO7fewn3yOoui6aB8ERkRVXupa0UiaQaKbIXteMt4jUElhbdqTMsLFHs8APxxUoQ=="
    },
    "ky@1.13.0": {
      "integrity": "sha512-JeNNGs44hVUp2XxO3FY9WV28ymG7LgO4wju4HL/dCq1A8eKDcFgVrdCn1ssn+3Q/5OQilv5aYsL0DMt5mmAV9w=="
    },
    "lightningcss-android-arm64@1.30.2": {
      "integrity": "sha512-BH9sEdOCahSgmkVhBLeU7Hc9DWeZ1Eb6wNS6Da8igvUwAe0sqROHddIlvU06q3WyXVEOYDZ6ykBZQnjTbmo4+A==",
      "os": ["android"],
      "cpu": ["arm64"]
    },
    "lightningcss-darwin-arm64@1.30.2": {
      "integrity": "sha512-ylTcDJBN3Hp21TdhRT5zBOIi73P6/W0qwvlFEk22fkdXchtNTOU4Qc37SkzV+EKYxLouZ6M4LG9NfZ1qkhhBWA==",
      "os": ["darwin"],
      "cpu": ["arm64"]
    },
    "lightningcss-darwin-x64@1.30.2": {
      "integrity": "sha512-oBZgKchomuDYxr7ilwLcyms6BCyLn0z8J0+ZZmfpjwg9fRVZIR5/GMXd7r9RH94iDhld3UmSjBM6nXWM2TfZTQ==",
      "os": ["darwin"],
      "cpu": ["x64"]
    },
    "lightningcss-freebsd-x64@1.30.2": {
      "integrity": "sha512-c2bH6xTrf4BDpK8MoGG4Bd6zAMZDAXS569UxCAGcA7IKbHNMlhGQ89eRmvpIUGfKWNVdbhSbkQaWhEoMGmGslA==",
      "os": ["freebsd"],
      "cpu": ["x64"]
    },
    "lightningcss-linux-arm-gnueabihf@1.30.2": {
      "integrity": "sha512-eVdpxh4wYcm0PofJIZVuYuLiqBIakQ9uFZmipf6LF/HRj5Bgm0eb3qL/mr1smyXIS1twwOxNWndd8z0E374hiA==",
      "os": ["linux"],
      "cpu": ["arm"]
    },
    "lightningcss-linux-arm64-gnu@1.30.2": {
      "integrity": "sha512-UK65WJAbwIJbiBFXpxrbTNArtfuznvxAJw4Q2ZGlU8kPeDIWEX1dg3rn2veBVUylA2Ezg89ktszWbaQnxD/e3A==",
      "os": ["linux"],
      "cpu": ["arm64"]
    },
    "lightningcss-linux-arm64-musl@1.30.2": {
      "integrity": "sha512-5Vh9dGeblpTxWHpOx8iauV02popZDsCYMPIgiuw97OJ5uaDsL86cnqSFs5LZkG3ghHoX5isLgWzMs+eD1YzrnA==",
      "os": ["linux"],
      "cpu": ["arm64"]
    },
    "lightningcss-linux-x64-gnu@1.30.2": {
      "integrity": "sha512-Cfd46gdmj1vQ+lR6VRTTadNHu6ALuw2pKR9lYq4FnhvgBc4zWY1EtZcAc6EffShbb1MFrIPfLDXD6Xprbnni4w==",
      "os": ["linux"],
      "cpu": ["x64"]
    },
    "lightningcss-linux-x64-musl@1.30.2": {
      "integrity": "sha512-XJaLUUFXb6/QG2lGIW6aIk6jKdtjtcffUT0NKvIqhSBY3hh9Ch+1LCeH80dR9q9LBjG3ewbDjnumefsLsP6aiA==",
      "os": ["linux"],
      "cpu": ["x64"]
    },
    "lightningcss-wasm@1.30.2": {
      "integrity": "sha512-3QB24h07oFTwiXI/wItgEv5De1prsmrZFWluuTyLO7/CFk4kEC5zgG7V6qQNGLBB5+QhSnGMixUALWHXj+J3Ug=="
    },
    "lightningcss-win32-arm64-msvc@1.30.2": {
      "integrity": "sha512-FZn+vaj7zLv//D/192WFFVA0RgHawIcHqLX9xuWiQt7P0PtdFEVaxgF9rjM/IRYHQXNnk61/H/gb2Ei+kUQ4xQ==",
      "os": ["win32"],
      "cpu": ["arm64"]
    },
    "lightningcss-win32-x64-msvc@1.30.2": {
      "integrity": "sha512-5g1yc73p+iAkid5phb4oVFMB45417DkRevRbt/El/gKXJk4jid+vPFF/AXbxn05Aky8PapwzZrdJShv5C0avjw==",
      "os": ["win32"],
      "cpu": ["x64"]
    },
    "lightningcss@1.30.2": {
      "integrity": "sha512-utfs7Pr5uJyyvDETitgsaqSyjCb2qNRAtuqUeWIAKztsOYdcACf2KtARYXg2pSvhkt+9NfoaNY7fxjl6nuMjIQ==",
      "dependencies": [
        "detect-libc"
      ],
      "optionalDependencies": [
        "lightningcss-android-arm64",
        "lightningcss-darwin-arm64",
        "lightningcss-darwin-x64",
        "lightningcss-freebsd-x64",
        "lightningcss-linux-arm-gnueabihf",
        "lightningcss-linux-arm64-gnu",
        "lightningcss-linux-arm64-musl",
        "lightningcss-linux-x64-gnu",
        "lightningcss-linux-x64-musl",
        "lightningcss-win32-arm64-msvc",
        "lightningcss-win32-x64-msvc"
      ]
    },
    "lodash@4.17.21": {
      "integrity": "sha512-v2kDEe57lecTulaDIuNTPy3Ry4gLGJ6Z1O3vE1krgXZNrsQ+LFTGHVxVjcXPs17LhbZVGedAJv8XZ1tvj5FvSg=="
    },
    "magic-string@0.30.21": {
      "integrity": "sha512-vd2F4YUyEXKGcLHoq+TEyCjxueSeHnFxyyjNp80yg0XV4vUhnDer/lvvlqM/arB5bXQN5K2/3oinyCRyx8T2CQ==",
      "dependencies": [
        "@jridgewell/sourcemap-codec"
      ]
    },
    "minimist@1.2.8": {
      "integrity": "sha512-2yyAR8qBkN3YuheJanUpWC5U3bb5osDywNB8RzDVlDwDHbocAJveqqj1u8+SVD7jkWT4yvsHCpWqqWqAxb0zCA=="
    },
    "node-releases@2.0.26": {
      "integrity": "sha512-S2M9YimhSjBSvYnlr5/+umAnPHE++ODwt5e2Ij6FoX45HA/s4vHdkDx1eax2pAPeAOqu4s9b7ppahsyEFdVqQA=="
    },
    "picocolors@1.1.1": {
      "integrity": "sha512-xceH2snhtb5M9liqDsmEw56le376mTZkEX/jEb/RxNFyegNul7eNslCXP9FDj/Lcu0X8KEyMceP2ntpaHrDEVA=="
    },
    "picomatch@4.0.3": {
      "integrity": "sha512-5gTmgEY/sqK6gFXLIsQNH19lWb4ebPDLA4SdLP7dsWkIXHWlG66oPuVvXSGFPppYZz8ZDZq0dYYrbHfBCVUb1Q=="
    },
    "prettier@3.6.2": {
      "integrity": "sha512-I7AIg5boAr5R0FFtJ6rCfD+LFsWHp81dolrFD8S79U9tb8Az2nGrJncnMSnys+bpQJfRUzqs9hnA81OAA3hCuQ==",
      "bin": true
    },
    "rolldown@1.0.0-beta.44": {
      "integrity": "sha512-gcqgyCi3g93Fhr49PKvymE8PoaGS0sf6ajQrsYaQ8o5de6aUEbD6rJZiJbhOfpcqOnycgsAsUNPYri1h25NgsQ==",
      "dependencies": [
        "@oxc-project/types",
        "@rolldown/pluginutils"
      ],
      "optionalDependencies": [
        "@rolldown/binding-android-arm64",
        "@rolldown/binding-darwin-arm64",
        "@rolldown/binding-darwin-x64",
        "@rolldown/binding-freebsd-x64",
        "@rolldown/binding-linux-arm-gnueabihf",
        "@rolldown/binding-linux-arm64-gnu",
        "@rolldown/binding-linux-arm64-musl",
        "@rolldown/binding-linux-x64-gnu",
        "@rolldown/binding-linux-x64-musl",
        "@rolldown/binding-openharmony-arm64",
        "@rolldown/binding-wasm32-wasi",
        "@rolldown/binding-win32-arm64-msvc",
        "@rolldown/binding-win32-ia32-msvc",
        "@rolldown/binding-win32-x64-msvc"
      ],
      "bin": true
    },
    "source-map-js@1.2.1": {
      "integrity": "sha512-UXWMKhLOwVKb728IUtQPXxfYU+usdybtUrK/8uGE8CQMvrhOpwvzDBwj0QhSL7MQc7vIsISBG8VQ8+IDQxpfQA=="
    },
    "tailwindcss@4.1.16": {
      "integrity": "sha512-pONL5awpaQX4LN5eiv7moSiSPd/DLDzKVRJz8Q9PgzmAdd1R4307GQS2ZpfiN7ZmekdQrfhZZiSE5jkLR4WNaA=="
    },
    "tapable@2.3.0": {
      "integrity": "sha512-g9ljZiwki/LfxmQADO3dEY1CbpmXT5Hm2fJ+QaGKwSXUylMybePR7/67YW7jOrrvjEgL1Fmz5kzyAjWVWLlucg=="
    },
    "tinyglobby@0.2.15_picomatch@4.0.3": {
      "integrity": "sha512-j2Zq4NyQYG5XMST4cbs02Ak8iJUdxRM0XI5QyxXuZOzKOINmWurp3smXu3y5wDcJrptwpSjgXHzIQxR0omXljQ==",
      "dependencies": [
        "fdir",
        "picomatch"
      ]
    },
    "tslib@2.8.1": {
      "integrity": "sha512-oJFu94HQb+KVduSUQL7wnpmqnfmLsOA/nAh6b6EH0wCEoK0/mPeXU6c3wKDV83MkOuHPRHtSXKKU99IBazS/2w=="
    },
    "undici-types@7.8.0": {
      "integrity": "sha512-9UJ2xGDvQ43tYyVMpuHlsgApydB8ZKfVYTsLDhXkFL/6gfkp+U8xTGdh8pMJv1SpZna0zxG1DwsKZsreLbXBxw=="
    },
    "universal-user-agent@7.0.3": {
      "integrity": "sha512-TmnEAEAsBJVZM/AADELsK76llnwcf9vMKuPz8JflO1frO8Lchitr0fNaN9d+Ap0BjKtqWqd/J17qeDnXh8CL2A=="
    },
    "update-browserslist-db@1.1.4_browserslist@4.27.0": {
      "integrity": "sha512-q0SPT4xyU84saUX+tomz1WLkxUbuaJnR1xWt17M7fJtEJigJeWUNGUqrauFXsHnqev9y9JTRGwk13tFBuKby4A==",
      "dependencies": [
        "browserslist",
        "escalade",
        "picocolors"
      ],
      "bin": true
    },
    "zod-openapi@5.4.3_zod@4.1.12": {
      "integrity": "sha512-6kJ/gJdvHZtuxjYHoMtkl2PixCwRuZ/s79dVkEr7arHvZGXfx7Cvh53X3HfJ5h9FzGelXOXlnyjwfX0sKEPByw==",
      "dependencies": [
        "zod"
      ]
    },
    "zod@4.1.12": {
      "integrity": "sha512-JInaHOamG8pt5+Ey8kGmdcAcg3OL9reK8ltczgHTAwNhMys/6ThXHityHxVV2p3fkw/c+MAvBHFVYHFZDmjMCQ=="
    }
  },
  "redirects": {
    "https://esm.sh/@putout/bundle": "https://esm.sh/@putout/bundle@4.7.6",
    "https://esm.sh/@putout/plugin-declare?alias=putout:@putout/bundle": "https://esm.sh/@putout/plugin-declare@6.0.0?alias=putout:@putout/bundle",
    "https://esm.sh/@putout/plugin-remove-debugger?alias=putout:@putout/bundle": "https://esm.sh/@putout/plugin-remove-debugger@7.0.0?alias=putout:@putout/bundle"
  },
  "remote": {
    "https://esm.sh/@putout/bundle@4.7.6": "a52af3e92981661e2c68b67cfc2ceae46f56988c1fe21148e5e040ac2022ec93",
    "https://esm.sh/@putout/bundle@4.7.6/denonext/bundle.mjs": "2fec0b7bb055b04a12c13680853e086af1947cefccfa0490d619f48c5bfa0014",
    "https://esm.sh/@putout/plugin-declare@6.0.0/X-YXB1dG91dDpAcHV0b3V0L2J1bmRsZQ/denonext/plugin-declare.mjs": "70121c9dbb3bbb3999280c6563d313e652afdd988dfdfa16b0d64c92691b6814",
    "https://esm.sh/@putout/plugin-declare@6.0.0?alias=putout:@putout/bundle": "68b0bb6e9ff2b290c3177d7e1183117b800e016193097b8430fcb0f02237d2f5",
    "https://esm.sh/@putout/plugin-remove-debugger@7.0.0/X-YXB1dG91dDpAcHV0b3V0L2J1bmRsZQ/denonext/plugin-remove-debugger.mjs": "769b6837ee91dcfd59005925b7a3b8c38e97293a08e8c2a37fe37118606a766d",
    "https://esm.sh/@putout/plugin-remove-debugger@7.0.0?alias=putout:@putout/bundle": "6edd98dd56555d77ef0557d3aa54b550dceba3cb493ade510e6666ffe527d55c"
  },
  "workspace": {
    "dependencies": [
      "jsr:@cliffy/command@^1.0.0-rc.8",
      "jsr:@david/dax@~0.43.2",
      "jsr:@std/streams@^1.0.13",
      "jsr:@zod/zod@^4.1.12"
    ],
    "members": {
      "examples/web_app": {
        "dependencies": [
          "jsr:@hono/hono@^4.10.1"
        ]
      },
      "packages/app-builder": {
        "dependencies": [
          "jsr:@brad-jones/jsr-dynamic-imports@~0.1.1",
          "jsr:@deno/loader@~0.3.8",
          "jsr:@hono/hono@^4.9.10",
          "jsr:@mesqueeb/case-anything@^3.1.0",
          "jsr:@openjs/port-free@1",
          "jsr:@paolostyle/hono-zod-openapi@^1.0.1",
          "jsr:@std/collections@^1.1.3",
          "jsr:@std/expect@^1.0.17",
          "jsr:@std/fs@^1.0.19",
          "jsr:@std/path@^1.1.2",
          "jsr:@std/yaml@^1.0.10",
          "jsr:@zod/zod@^4.1.12",
          "npm:ky@^1.11.0",
          "npm:zod-openapi@^5.4.3"
        ]
      },
      "packages/bundler": {
        "dependencies": [
          "jsr:@117/mutex@^1.0.8",
          "jsr:@brad-jones/deno-config@1",
          "jsr:@cspotcode/outdent@0.8",
          "jsr:@david/dax@~0.43.2",
          "jsr:@deno/rolldown-plugin@^0.0.10",
          "jsr:@std/collections@^1.1.3",
          "jsr:@std/encoding@^1.0.10",
          "jsr:@std/expect@^1.0.17",
          "jsr:@std/path@^1.1.2",
          "npm:@tailwindcss/node@^4.1.15",
          "npm:@tailwindcss/oxide@^4.1.15",
          "npm:browserslist@^4.26.3",
          "npm:ky@^1.12.0",
          "npm:lightningcss-wasm@^1.30.2",
          "npm:rolldown@^1.0.0-beta.44",
          "npm:tailwindcss@^4.1.15"
        ]
      },
      "packages/bundler/tests/js/deno/fixtures": {
        "dependencies": [
          "jsr:@hono/hono@*"
        ]
      },
      "packages/configuration": {
        "dependencies": [
          "jsr:@brad-jones/jsr-dynamic-imports@~0.1.1",
          "jsr:@mesqueeb/case-anything@^3.1.0",
          "jsr:@std/expect@^1.0.17",
          "jsr:@std/fs@^1.0.19",
          "jsr:@std/path@^1.1.2",
          "jsr:@std/toml@^1.0.11",
          "jsr:@std/yaml@^1.0.10",
          "jsr:@zod/zod@^4.1.12"
        ]
      },
      "packages/container": {
        "dependencies": [
          "jsr:@brad-jones/jsr-dynamic-imports@~0.1.1",
          "jsr:@std/expect@^1.0.17",
          "jsr:@std/fs@^1.0.19"
        ]
      },
      "packages/formatter": {
        "dependencies": [
          "jsr:@cspotcode/outdent@0.8",
          "jsr:@dprint/formatter@~0.4.1",
          "jsr:@mesqueeb/case-anything@^3.1.0",
          "jsr:@std/expect@^1.0.17",
          "jsr:@std/fs@^1.0.19",
          "jsr:@std/path@^1.1.2",
          "jsr:@std/semver@^1.0.6",
          "npm:@octokit/rest@22",
          "npm:json-schema-to-typescript@^15.0.4",
          "npm:ky@^1.13.0"
        ]
      },
      "packages/http-context": {
        "dependencies": [
          "jsr:@hono/hono@^4.9.12"
        ]
      },
      "packages/islands": {
        "dependencies": [
          "jsr:@hono/hono@^4.9.10"
        ]
      },
      "packages/logging": {
        "dependencies": [
          "jsr:@brad-jones/jsr-dynamic-imports@~0.1.1",
          "jsr:@logtape/file@^1.1.1",
          "jsr:@logtape/logtape@^1.1.1",
          "jsr:@logtape/pretty@^1.1.1",
          "jsr:@std/expect@^1.0.17",
          "jsr:@std/fs@^1.0.19",
          "jsr:@std/testing@^1.0.16"
        ]
      },
      "packages/middleware": {
        "dependencies": [
          "jsr:@brad-jones/jsr-dynamic-imports@~0.1.1",
          "jsr:@std/expect@^1.0.17",
          "jsr:@std/fs@^1.0.19"
        ]
      },
      "packages/open-api-client": {
        "dependencies": [
          "jsr:@brad-jones/deno-config@1",
          "jsr:@cspotcode/outdent@0.8",
          "jsr:@david/dax@~0.43.2",
          "jsr:@mesqueeb/case-anything@^3.1.0",
          "jsr:@std/expect@^1.0.17",
          "jsr:@std/yaml@^1.0.10",
          "jsr:@zod/zod@^4.1.12"
        ]
      },
      "packages/problem-details": {
        "dependencies": [
          "jsr:@std/expect@^1.0.17",
          "jsr:@zod/zod@^4.1.12"
        ]
      }
    }
  }
}
