version: 6
environments:
  default:
    channels:
    - url: https://repo.prefix.dev/brads-forge/
    - url: https://conda.anaconda.org/conda-forge/
    packages:
      linux-64:
      - conda: https://repo.prefix.dev/brads-forge/linux-64/cocogitto-6.5.0-h81b34b9_2.conda
      - conda: https://repo.prefix.dev/brads-forge/linux-64/deno-2.5.6-h81b34b9_2.conda
      - conda: https://repo.prefix.dev/brads-forge/linux-64/dprint-0.50.2-h81b34b9_2.conda
      - conda: https://conda.anaconda.org/conda-forge/linux-64/gh-2.83.1-h76a2195_0.conda
      - conda: https://repo.prefix.dev/brads-forge/linux-64/lefthook-2.0.4-h81b34b9_2.conda
      - conda: https://repo.prefix.dev/brads-forge/linux-64/task-3.45.5-h81b34b9_2.conda
packages:
- conda: https://repo.prefix.dev/brads-forge/linux-64/cocogitto-6.5.0-h81b34b9_2.conda
  sha256: fc4819a47c63c2ac5f11ec496cb5584fe56e03ed707edb5b1429fec91d9b2797
  license: MIT
  size: 2921856
  timestamp: 1762142471162
- conda: https://repo.prefix.dev/brads-forge/linux-64/deno-2.5.6-h81b34b9_2.conda
  sha256: 765e5d428baae7e8bb5e89577344713f0de8b1ab81084ac5cec347e00f4fcf36
  license: MIT
  size: 39572362
  timestamp: 1761882908584
- conda: https://repo.prefix.dev/brads-forge/linux-64/dprint-0.50.2-h81b34b9_2.conda
  sha256: 06497a9067e51a5e9ca80a5d7aba43352955ed3891a461919559e7d4f97f714d
  license: MIT
  size: 7400987
  timestamp: 1757821626110
- conda: https://conda.anaconda.org/conda-forge/linux-64/gh-2.83.1-h76a2195_0.conda
  sha256: dc6b46f7b2a765ad889b0e327852793347a226f878be6d17b225cea218fe8c51
  md5: 60ae0caa35996e817990b3236fb6994b
  depends:
  - __glibc >=2.17,<3.0.a0
  license: Apache-2.0
  license_family: APACHE
  size: 30094713
  timestamp: 1763066427321
- conda: https://repo.prefix.dev/brads-forge/linux-64/lefthook-2.0.4-h81b34b9_2.conda
  sha256: 872c2bc3a3d10eaba471e22b65178001e77b16f4679b1bafefce179908d794dc
  license: MIT
  size: 5735670
  timestamp: 1763092608228
- conda: https://repo.prefix.dev/brads-forge/linux-64/task-3.45.5-h81b34b9_2.conda
  sha256: b45c3420456afc70d293b31c9aaeba2f9f93da9fc1ccec0ac86c5b94c59e2e12
  license: MIT
  size: 6723159
  timestamp: 1762919802998
